Add On Achievements: []
Base Completion Time:
- 20.0
- 25.0
Base GS: 1000
Base Game Achievements:
- Achievement Name: There Are Those Who Believe...
  Description: Complete Chapter One
  GS: '20'
  Guide: true
  Number of Gamers: 1628
  Percentage of Gamers: 96%
  Ratio: 1.02
  TA: '20'
  Tags:
  - Offline Mode
  - Single Player
  - Main Storyline
- Achievement Name: What Do You Hear?
  Description: Destroy 10 enemy ships
  GS: '30'
  Guide: false
  Number of Gamers: 1454
  Percentage of Gamers: 86%
  Ratio: 1.07
  TA: '32'
  Tags:
  - Online/Offline
  - Single Player
  - Versus
  - Cumulative +
- Achievement Name: Nothing But The Rain
  Description: Destroy 100 enemy ships
  GS: '50'
  Guide: false
  Number of Gamers: 732
  Percentage of Gamers: 43%
  Ratio: 1.52
  TA: '76'
  Tags:
  - Online/Offline
  - Single Player
  - Versus
  - Cumulative +
- Achievement Name: Grab Your Gun And Bring in The Cat
  Description: Destroy 500 enemy ships
  GS: '100'
  Guide: true
  Number of Gamers: 410
  Percentage of Gamers: 24%
  Ratio: 2.03
  TA: '203'
  Tags:
  - Online/Offline
  - Single Player
  - Versus
  - Cumulative +
- Achievement Name: Show of Force
  Description: Complete Chapter Two
  GS: '20'
  Guide: true
  Number of Gamers: 1308
  Percentage of Gamers: 77%
  Ratio: 1.13
  TA: '22'
  Tags:
  - Offline Mode
  - Single Player
  - Main Storyline
- Achievement Name: Signals
  Description: Complete Chapter Three
  GS: '20'
  Guide: true
  Number of Gamers: 1003
  Percentage of Gamers: 59%
  Ratio: 1.3
  TA: '26'
  Tags:
  - Offline Mode
  - Single Player
  - Main Storyline
- Achievement Name: The Red Line
  Description: Complete Chapter Four
  GS: '20'
  Guide: false
  Number of Gamers: 798
  Percentage of Gamers: 47%
  Ratio: 1.45
  TA: '29'
  Tags:
  - Offline Mode
  - Single Player
  - Main Storyline
- Achievement Name: Start of a Legacy
  Description: Complete Chapter Five
  GS: '20'
  Guide: false
  Number of Gamers: 657
  Percentage of Gamers: 39%
  Ratio: 1.6
  TA: '32'
  Tags:
  - Offline Mode
  - Single Player
  - Main Storyline
- Achievement Name: Medical Aid
  Description: Complete Chapter Six
  GS: '20'
  Guide: false
  Number of Gamers: 518
  Percentage of Gamers: 31%
  Ratio: 1.8
  TA: '36'
  Tags:
  - Offline Mode
  - Single Player
  - Main Storyline
- Achievement Name: Bad Habits
  Description: Complete Chapter Seven
  GS: '20'
  Guide: true
  Number of Gamers: 442
  Percentage of Gamers: 26%
  Ratio: 1.95
  TA: '39'
  Tags:
  - Offline Mode
  - Single Player
  - Main Storyline
- Achievement Name: Sagittaron Democratic Union
  Description: Complete Chapter Eight
  GS: '20'
  Guide: true
  Number of Gamers: 400
  Percentage of Gamers: 24%
  Ratio: 2.05
  TA: '41'
  Tags:
  - Offline Mode
  - Single Player
  - Main Storyline
- Achievement Name: Escalation
  Description: Complete Chapter Nine
  GS: '20'
  Guide: true
  Number of Gamers: 343
  Percentage of Gamers: 20%
  Ratio: 2.22
  TA: '44'
  Tags:
  - Offline Mode
  - Single Player
  - Main Storyline
- Achievement Name: Are You Alive?
  Description: Complete Chapter Ten
  GS: '20'
  Guide: true
  Number of Gamers: 327
  Percentage of Gamers: 19%
  Ratio: 2.27
  TA: '45'
  Tags:
  - Offline Mode
  - Single Player
  - Main Storyline
- Achievement Name: Shipbuilder
  Description: Complete Chapter Eleven
  GS: '20'
  Guide: true
  Number of Gamers: 312
  Percentage of Gamers: 18%
  Ratio: 2.33
  TA: '46'
  Tags:
  - Offline Mode
  - Single Player
  - Main Storyline
- Achievement Name: More Than A Name
  Description: Complete Chapter Twelve
  GS: '20'
  Guide: true
  Number of Gamers: 298
  Percentage of Gamers: 18%
  Ratio: 2.38
  TA: '47'
  Tags:
  - Offline Mode
  - Single Player
  - Main Storyline
- Achievement Name: Marathon
  Description: Complete Chapter Thirteen
  GS: '20'
  Guide: true
  Number of Gamers: 287
  Percentage of Gamers: 17%
  Ratio: 2.42
  TA: '48'
  Tags:
  - Offline Mode
  - Single Player
  - Main Storyline
- Achievement Name: All Of This Has Happened Before...
  Description: Complete the single-player campaign
  GS: '100'
  Guide: true
  Number of Gamers: 268
  Percentage of Gamers: 16%
  Ratio: 2.51
  TA: '251'
  Tags:
  - Offline Mode
  - Single Player
  - Main Storyline
- Achievement Name: Nuclear Option
  Description: Unlock the nuke munition in the single-player campaign
  GS: '50'
  Guide: true
  Number of Gamers: 335
  Percentage of Gamers: 20%
  Ratio: 2.24
  TA: '112'
  Tags:
  - Offline Game Mode
  - Single Player
- Achievement Name: Jupiter Project
  Description: Unlock the Jupiter-class battlestar in the single-player campaign
  GS: '50'
  Guide: true
  Number of Gamers: 312
  Percentage of Gamers: 18%
  Ratio: 2.33
  TA: '116'
  Tags:
  - Offline Game Mode
  - Single Player
- Achievement Name: Endeavor / Evolution
  Description: Unlock all blueprints in the single-player campaign
  GS: '100'
  Guide: true
  Number of Gamers: 242
  Percentage of Gamers: 14%
  Ratio: 2.64
  TA: '264'
  Tags:
  - Offline Mode
  - Single Player
  - Collectable
- Achievement Name: Articles of Colonization
  Description: Have at least 10 Colonies fortified in the single-player campaign
  GS: '100'
  Guide: true
  Number of Gamers: 234
  Percentage of Gamers: 14%
  Ratio: 2.69
  TA: '269'
  Tags:
  - Offline Game Mode
  - Single Player
- Achievement Name: Distribution of Power
  Description: Redistribute power in a Cylon ship
  GS: '20'
  Guide: true
  Number of Gamers: 436
  Percentage of Gamers: 26%
  Ratio: 1.97
  TA: '39'
  Tags:
  - Online/Offline
  - Single Player
  - Versus
- Achievement Name: Throw Them Out The Airlock
  Description: Successfully board an opponent's ship with a Heavy Raider
  GS: '20'
  Guide: true
  Number of Gamers: 406
  Percentage of Gamers: 24%
  Ratio: 2.04
  TA: '40'
  Tags:
  - Online/Offline
  - Single Player
  - Versus
- Achievement Name: Technological Superiority
  Description: Successfully hack an opponent's ship with the Nemesis or the Wardriver
  GS: '20'
  Guide: true
  Number of Gamers: 316
  Percentage of Gamers: 19%
  Ratio: 2.31
  TA: '46'
  Tags:
  - Online/Offline
  - Single Player
  - Versus
- Achievement Name: By Your Command
  Description: Win a skirmish match with a custom Cylon fleet
  GS: '50'
  Guide: true
  Number of Gamers: 304
  Percentage of Gamers: 18%
  Ratio: 2.36
  TA: '118'
  Tags:
  - Online/Offline
  - Single Player
  - Versus
- Achievement Name: So Say We All
  Description: Win a skirmish match with a custom Colonial fleet
  GS: '50'
  Guide: true
  Number of Gamers: 499
  Percentage of Gamers: 29%
  Ratio: 1.84
  TA: '92'
  Tags:
  - Online/Offline
  - Single Player
  - Versus
Base Ratio: 2.133
Base TA: 2133
Delisted: false
Developer: Black Lab Games
Game Name: Battlestar Galactica Deadlock
Genres: Strategy, Turn Based
Install Size: 4110.0
Number of Completions: 154
Number of Gamers: 1698
Overall Completion Time:
- 20.0
- 25.0
Overall GS: 1000
Overall Ratio: 2.133
Overall TA: 2133
PDU: 0
Percentage Completed: 9.07
Publisher: Slitherine
Release Date: 08 December 2017
Server Closure: false
Site Rating: 3.95
Update Achievements: []
Walkthrough: false
