Add On Achievements: []
Base Completion Time:
- 12.0
- 15.0
Base GS: 200
Base Game Achievements:
- Achievement Name: Jack the Builder
  Description: Put blockades on every door and window in one level.
  GS: '10'
  Guide: true
  Number of Gamers: 2946
  Percentage of Gamers: 32%
  Ratio: 1.76
  TA: '17'
  Tags:
  - Offline Mode
  - Single Player
  - Cooperative
- Achievement Name: Poo Dance
  Description: Make ten infected zombies dance at the same time.
  GS: '30'
  Guide: true
  Number of Gamers: 1031
  Percentage of Gamers: 11%
  Ratio: 2.98
  TA: '89'
  Tags:
  - Offline Mode
  - Single Player
  - Cooperative
- Achievement Name: Nightshift
  Description: Play five minutes in darkness.
  GS: '10'
  Guide: true
  Number of Gamers: 2699
  Percentage of Gamers: 29%
  Ratio: 1.84
  TA: '18'
  Tags:
  - Offline Game Mode
  - Single Player
- Achievement Name: All Traps
  Description: Build every trap and a wood blockade in one level.
  GS: '10'
  Guide: true
  Number of Gamers: 1195
  Percentage of Gamers: 13%
  Ratio: 2.76
  TA: '27'
  Tags:
  - Offline Mode
  - Single Player
  - Cooperative
- Achievement Name: Bomber
  Description: Kill twenty zombies with a single bomb trap.
  GS: '10'
  Guide: true
  Number of Gamers: 3900
  Percentage of Gamers: 43%
  Ratio: 1.53
  TA: '15'
  Tags:
  - Offline Mode
  - Single Player
  - Cooperative
- Achievement Name: Work force
  Description: Employ 20 construction zombies at the same time.
  GS: '10'
  Guide: true
  Number of Gamers: 1317
  Percentage of Gamers: 14%
  Ratio: 2.63
  TA: '26'
  Tags:
  - Offline Mode
  - Single Player
  - Cooperative
- Achievement Name: Dead can Dance
  Description: Activate the Jukebox and make a zombie dance.
  GS: '10'
  Guide: true
  Number of Gamers: 9031
  Percentage of Gamers: 98%
  Ratio: 1.0
  TA: '10'
  Tags:
  - Offline Mode
  - Single Player
  - Cooperative
- Achievement Name: Cactus Time
  Description: While playing Mike, search four cacti in a row.
  GS: '10'
  Guide: true
  Number of Gamers: 2084
  Percentage of Gamers: 23%
  Ratio: 2.09
  TA: '20'
  Tags:
  - Offline Mode
  - Single Player
  - Cooperative
- Achievement Name: Quintupel Super Awesome
  Description: Build five blockades with super awesome finish in a row.
  GS: '10'
  Guide: true
  Number of Gamers: 2385
  Percentage of Gamers: 26%
  Ratio: 1.95
  TA: '19'
  Tags:
  - Offline Mode
  - Single Player
  - Cooperative
- Achievement Name: Multikill
  Description: While playing Foxy, kill three zombies with one melee attack.
  GS: '10'
  Guide: true
  Number of Gamers: 3222
  Percentage of Gamers: 35%
  Ratio: 1.68
  TA: '16'
  Tags:
  - Offline Mode
  - Single Player
  - Cooperative
- Achievement Name: Game Complete
  Description: Complete all single player levels.
  GS: '30'
  Guide: true
  Number of Gamers: 2543
  Percentage of Gamers: 28%
  Ratio: 1.89
  TA: '56'
  Tags:
  - Offline Mode
  - Single Player
  - Main Storyline
- Achievement Name: Medal Seeker
  Description: Win all gold medals in all singleplayer levels.
  GS: '50'
  Guide: true
  Number of Gamers: 603
  Percentage of Gamers: 7%
  Ratio: 3.89
  TA: '194'
  Tags:
  - Offline Mode
  - Single Player
  - Difficulty Specific
Base Ratio: 2.535
Base TA: 507
Delisted: true
Developer: Candygun Games
Game Name: Dead Block
Genres: Strategy
Install Size: 472.0
Number of Completions: 535
Number of Gamers: 9170
Overall Completion Time:
- 12.0
- 15.0
Overall GS: 200
Overall Ratio: 2.535
Overall TA: 507
PDU: 0
Percentage Completed: 5.83
Publisher: Bandai Namco Entertainment
Release Date: 06 July 2011
Server Closure: false
Site Rating: 3.23
Update Achievements: []
Walkthrough: false
