Add On Achievements: []
Base Completion Time:
- 25.0
- 30.0
Base GS: 1000
Base Game Achievements:
- Achievement Name: Zabirum Seeker
  Description: Defeated the Temple Guardian
  GS: '10'
  Guide: true
  Number of Gamers: 3741
  Percentage of Gamers: 100%
  Ratio: 1.0
  TA: '10'
  Tags:
  - Offline Mode
  - Single Player
  - Main Storyline
- Achievement Name: Hogbunny Buddy
  Description: Gnart joined the party
  GS: '10'
  Guide: true
  Number of Gamers: 3150
  Percentage of Gamers: 84%
  Ratio: 1.09
  TA: '10'
  Tags:
  - Offline Mode
  - Single Player
  - Main Storyline
- Achievement Name: Gersween's Nest
  Description: Arrived at Plumpet Island
  GS: '10'
  Guide: true
  Number of Gamers: 2090
  Percentage of Gamers: 56%
  Ratio: 1.34
  TA: '13'
  Tags:
  - Offline Mode
  - Single Player
  - Main Storyline
- Achievement Name: The General's Daughter
  Description: Helped Ive after she crashed the plane
  GS: '10'
  Guide: true
  Number of Gamers: 1735
  Percentage of Gamers: 46%
  Ratio: 1.47
  TA: '14'
  Tags:
  - Offline Mode
  - Single Player
  - Main Storyline
- Achievement Name: A Stormdog's bond
  Description: Rescued Taika from the goblin
  GS: '10'
  Guide: true
  Number of Gamers: 1477
  Percentage of Gamers: 39%
  Ratio: 1.59
  TA: '15'
  Tags:
  - Offline Mode
  - Single Player
  - Main Storyline
- Achievement Name: The Red-Haired Enigma
  Description: Olia rejoined the party
  GS: '10'
  Guide: true
  Number of Gamers: 1158
  Percentage of Gamers: 31%
  Ratio: 1.8
  TA: '18'
  Tags:
  - Offline Mode
  - Single Player
  - Main Storyline
- Achievement Name: Ancient Sentient Support
  Description: Assembled PAT
  GS: '10'
  Guide: true
  Number of Gamers: 1036
  Percentage of Gamers: 28%
  Ratio: 1.9
  TA: '19'
  Tags:
  - Offline Mode
  - Single Player
  - Main Storyline
- Achievement Name: House In Order
  Description: Liberated the Great Wave
  GS: '10'
  Guide: true
  Number of Gamers: 1016
  Percentage of Gamers: 27%
  Ratio: 1.92
  TA: '19'
  Tags:
  - Offline Mode
  - Single Player
  - Main Storyline
- Achievement Name: "Shielded by L\xFFs"
  Description: Received the Lys Aegis Talent from Lady Lumia
  GS: '40'
  Guide: false
  Number of Gamers: 813
  Percentage of Gamers: 22%
  Ratio: 2.14
  TA: '85'
  Tags:
  - Offline Mode
  - Single Player
  - Collectable
- Achievement Name: "Inside Ma\xE1to's Mind"
  Description: Arrived at the Memory Chamber
  GS: '40'
  Guide: true
  Number of Gamers: 767
  Percentage of Gamers: 20%
  Ratio: 2.21
  TA: '88'
  Tags:
  - Offline Mode
  - Single Player
  - Main Storyline
- Achievement Name: Owls of the Nest
  Description: Completed the game
  GS: '100'
  Guide: true
  Number of Gamers: 732
  Percentage of Gamers: 19%
  Ratio: 2.26
  TA: '226'
  Tags:
  - Offline Mode
  - Single Player
  - Main Storyline
  - Story Completed
- Achievement Name: Owl Tide Bestiary
  Description: Defeated one of every enemy
  GS: '70'
  Guide: true
  Number of Gamers: 702
  Percentage of Gamers: 19%
  Ratio: 2.31
  TA: '161'
  Tags:
  - Offline Mode
  - Single Player
  - Collectable
- Achievement Name: Supreme Scavenger
  Description: Opened 50 chests
  GS: '10'
  Guide: true
  Number of Gamers: 1118
  Percentage of Gamers: 30%
  Ratio: 1.83
  TA: '18'
  Tags:
  - Offline Mode
  - Single Player
  - Collectable
- Achievement Name: Gardener of Lango
  Description: Harvested 10 000 fruits
  GS: '10'
  Guide: true
  Number of Gamers: 945
  Percentage of Gamers: 25%
  Ratio: 1.99
  TA: '19'
  Tags:
  - Offline Mode
  - Single Player
  - Cumulative +
- Achievement Name: Lango Plantmaster
  Description: Levelled every type of plant to level 3
  GS: '10'
  Guide: true
  Number of Gamers: 661
  Percentage of Gamers: 18%
  Ratio: 2.38
  TA: '23'
  Tags:
  - Offline Mode
  - Single Player
  - Collectable
  - Cumulative +
  - Level
- Achievement Name: Diligent Hogbunny
  Description: Grew a plant in every garden slot
  GS: '10'
  Guide: false
  Number of Gamers: 831
  Percentage of Gamers: 22%
  Ratio: 2.12
  TA: '21'
  Tags:
  - Offline Mode
  - Single Player
  - Collectable
- Achievement Name: Great Wave Alumni
  Description: Crafted one of every Perk Talent
  GS: '40'
  Guide: true
  Number of Gamers: 652
  Percentage of Gamers: 17%
  Ratio: 2.4
  TA: '96'
  Tags:
  - Offline Mode
  - Single Player
  - Collectable
- Achievement Name: Champions of Umbra
  Description: Levelled all characters to level 20
  GS: '40'
  Guide: false
  Number of Gamers: 723
  Percentage of Gamers: 19%
  Ratio: 2.27
  TA: '91'
  Tags:
  - Offline Mode
  - Single Player
  - Level
- Achievement Name: Fearless in Karba
  Description: Levelled up all Bonds to level 5
  GS: '40'
  Guide: true
  Number of Gamers: 729
  Percentage of Gamers: 19%
  Ratio: 2.27
  TA: '90'
  Tags:
  - Offline Mode
  - Single Player
  - Level
- Achievement Name: Disciple of the Onurasi
  Description: Equipped a Talent in every available slot
  GS: '40'
  Guide: false
  Number of Gamers: 685
  Percentage of Gamers: 18%
  Ratio: 2.34
  TA: '93'
  Tags:
  - Offline Mode
  - Single Player
  - Collectable
  - Level
- Achievement Name: Heroic Hoarder
  Description: Released all the barnacles to play on Plumpet Beach
  GS: '10'
  Guide: true
  Number of Gamers: 768
  Percentage of Gamers: 20%
  Ratio: 2.21
  TA: '22'
  Tags:
  - Offline Mode
  - Single Player
  - Collectable
- Achievement Name: Spiritualist of the Sands
  Description: Released 50 tormented Ghosts
  GS: '40'
  Guide: true
  Number of Gamers: 939
  Percentage of Gamers: 25%
  Ratio: 2.0
  TA: '80'
  Tags:
  - Offline Mode
  - Single Player
  - Cumulative +
- Achievement Name: Festival Masters
  Description: Gained Gold Rank in all Tournaments
  GS: '40'
  Guide: true
  Number of Gamers: 782
  Percentage of Gamers: 21%
  Ratio: 2.19
  TA: '87'
  Tags:
  - Offline Game Mode
  - Single Player
- Achievement Name: Custodian of Scrollroads
  Description: Defeated the Mushriga
  GS: '40'
  Guide: true
  Number of Gamers: 1148
  Percentage of Gamers: 31%
  Ratio: 1.8
  TA: '72'
  Tags:
  - Offline Game Mode
  - Single Player
- Achievement Name: Konkylian Custodian
  Description: Defeated the Hollow Knight
  GS: '70'
  Guide: true
  Number of Gamers: 691
  Percentage of Gamers: 18%
  Ratio: 2.33
  TA: '163'
  Tags:
  - Offline Game Mode
  - Single Player
- Achievement Name: Fruits of Labour
  Description: Planted one of every critter plant
  GS: '10'
  Guide: true
  Number of Gamers: 787
  Percentage of Gamers: 21%
  Ratio: 2.18
  TA: '21'
  Tags:
  - Offline Mode
  - Single Player
  - Collectable
- Achievement Name: Critter King
  Description: Released all the Golden Bibis
  GS: '10'
  Guide: true
  Number of Gamers: 712
  Percentage of Gamers: 19%
  Ratio: 2.29
  TA: '22'
  Tags:
  - Offline Mode
  - Single Player
  - Collectable
- Achievement Name: A Better World
  Description: Scavenged all scrap piles
  GS: '10'
  Guide: true
  Number of Gamers: 739
  Percentage of Gamers: 20%
  Ratio: 2.25
  TA: '22'
  Tags:
  - Offline Mode
  - Single Player
  - Collectable
- Achievement Name: Gold Finger
  Description: Dug up all treasure zones
  GS: '10'
  Guide: true
  Number of Gamers: 701
  Percentage of Gamers: 19%
  Ratio: 2.31
  TA: '23'
  Tags:
  - Offline Mode
  - Single Player
  - Collectable
- Achievement Name: Master Engineer
  Description: Crafted one of every weapon
  GS: '40'
  Guide: true
  Number of Gamers: 642
  Percentage of Gamers: 17%
  Ratio: 2.41
  TA: '96'
  Tags:
  - Offline Mode
  - Single Player
  - Collectable
  - Buggy
- Achievement Name: Well Traveled
  Description: Got all the mementos
  GS: '70'
  Guide: true
  Number of Gamers: 589
  Percentage of Gamers: 16%
  Ratio: 2.52
  TA: '176'
  Tags:
  - Offline Mode
  - Single Player
  - Collectable
- Achievement Name: Art Director
  Description: Got all the paintings for Plumpet Library
  GS: '10'
  Guide: true
  Number of Gamers: 838
  Percentage of Gamers: 22%
  Ratio: 2.11
  TA: '21'
  Tags:
  - Offline Mode
  - Single Player
  - Collectable
- Achievement Name: Family Ties
  Description: Cured Benjo and rescued Bran
  GS: '40'
  Guide: true
  Number of Gamers: 758
  Percentage of Gamers: 20%
  Ratio: 2.22
  TA: '89'
  Tags:
  - Offline Mode
  - Single Player
  - Buggy +
- Achievement Name: Warden
  Description: Unlocked all prison cells in Karba Prison
  GS: '70'
  Guide: true
  Number of Gamers: 693
  Percentage of Gamers: 18%
  Ratio: 2.32
  TA: '162'
  Tags:
  - Offline Mode
  - Single Player
  - Collectable
Base Ratio: 2.185
Base TA: 2185
Delisted: false
Developer: Snowcastle Games
Game Name: Earthlock
Genres: Role Playing, Turn Based
Install Size: 3720.0
Number of Completions: 579
Number of Gamers: 3759
Overall Completion Time:
- 25.0
- 30.0
Overall GS: 1000
Overall Ratio: 2.185
Overall TA: 2185
PDU: 0
Percentage Completed: 15.4
Publisher: Snowcastle Games
Release Date: 11 April 2018
Server Closure: false
Site Rating: 3.84
Update Achievements: []
Walkthrough: false
