Add On Achievements: []
Base Completion Time:
- 12.0
- 15.0
Base GS: 1000
Base Game Achievements:
- Achievement Name: Welcome To The Uplands
  Description: Arrive At The Campsite
  GS: '10'
  Guide: true
  Number of Gamers: 20631
  Percentage of Gamers: 100%
  Ratio: 1.0
  TA: '10'
  Tags:
  - Online/Offline
  - Single Player
  - Cooperative
  - Main Storyline
- Achievement Name: First Timer
  Description: Charm Your First Creature
  GS: '10'
  Guide: true
  Number of Gamers: 12811
  Percentage of Gamers: 62%
  Ratio: 1.26
  TA: '12'
  Tags:
  - Online/Offline
  - Single Player
  - Cooperative
  - Main Storyline
- Achievement Name: Through The Clouds
  Description: Sight The Emperor Cosmet
  GS: '10'
  Guide: true
  Number of Gamers: 12092
  Percentage of Gamers: 59%
  Ratio: 1.3
  TA: '13'
  Tags:
  - Online/Offline
  - Single Player
  - Cooperative
  - Main Storyline
- Achievement Name: Empire Toppled
  Description: Charm The Emperor Cosmet
  GS: '20'
  Guide: true
  Number of Gamers: 7300
  Percentage of Gamers: 35%
  Ratio: 1.68
  TA: '33'
  Tags:
  - Online/Offline
  - Single Player
  - Cooperative
  - Main Storyline
- Achievement Name: Seen Through
  Description: Name The Elusive Rustic
  GS: '30'
  Guide: true
  Number of Gamers: 4687
  Percentage of Gamers: 23%
  Ratio: 2.09
  TA: '62'
  Tags:
  - Online/Offline
  - Single Player
  - Cooperative
  - Main Storyline
- Achievement Name: Sore Throat
  Description: Name The Encrusted Skyfish
  GS: '40'
  Guide: true
  Number of Gamers: 3133
  Percentage of Gamers: 15%
  Ratio: 2.57
  TA: '102'
  Tags:
  - Online/Offline
  - Single Player
  - Cooperative
  - Main Storyline
- Achievement Name: Educational Pursuits
  Description: Meet Every Research Student
  GS: '60'
  Guide: true
  Number of Gamers: 2902
  Percentage of Gamers: 14%
  Ratio: 2.66
  TA: '160'
  Tags:
  - Online/Offline
  - Single Player
  - Cooperative
  - Main Storyline
- Achievement Name: Crime Spree Ended
  Description: Recover Jane's Feedbag
  GS: '100'
  Guide: false
  Number of Gamers: 2963
  Percentage of Gamers: 14%
  Ratio: 2.64
  TA: '264'
  Tags:
  - Online/Offline
  - Single Player
  - Cooperative
  - Main Storyline
  - Story Completed
- Achievement Name: Whistle A Happy Tune
  Description: Learn Your First Charming Song
  GS: '20'
  Guide: true
  Number of Gamers: 13965
  Percentage of Gamers: 68%
  Ratio: 1.21
  TA: '24'
  Tags:
  - Online/Offline
  - Single Player
  - Cooperative
  - Main Storyline
- Achievement Name: Bells And Whistles
  Description: Learn All Charming Songs
  GS: '50'
  Guide: true
  Number of Gamers: 2905
  Percentage of Gamers: 14%
  Ratio: 2.66
  TA: '133'
  Tags:
  - Online/Offline
  - Single Player
  - Cooperative
- Achievement Name: A New Friend
  Description: Name Your First Sheep
  GS: '10'
  Guide: false
  Number of Gamers: 10854
  Percentage of Gamers: 53%
  Ratio: 1.37
  TA: '13'
  Tags:
  - Online/Offline
  - Single Player
  - Cooperative
  - Main Storyline
- Achievement Name: Mammoth Woolly
  Description: Max Out Your Flock Of Sheep
  GS: '40'
  Guide: false
  Number of Gamers: 3734
  Percentage of Gamers: 18%
  Ratio: 2.35
  TA: '94'
  Tags:
  - Online/Offline
  - Single Player
  - Cooperative
  - Collectable
- Achievement Name: Cosmet Charmer
  Description: Charm Every Species Of Cosmet
  GS: '15'
  Guide: false
  Number of Gamers: 3455
  Percentage of Gamers: 17%
  Ratio: 2.44
  TA: '36'
  Tags:
  - Online/Offline
  - Single Player
  - Cooperative
  - Collectable
- Achievement Name: Bewl Charmer
  Description: Charm Every Species Of Bewl
  GS: '15'
  Guide: true
  Number of Gamers: 2099
  Percentage of Gamers: 10%
  Ratio: 3.13
  TA: '47'
  Tags:
  - Online/Offline
  - Single Player
  - Cooperative
  - Collectable
- Achievement Name: Thrip Charmer
  Description: Charm Every Species Of Thrip
  GS: '15'
  Guide: true
  Number of Gamers: 2181
  Percentage of Gamers: 11%
  Ratio: 3.07
  TA: '46'
  Tags:
  - Online/Offline
  - Single Player
  - Cooperative
  - Collectable
- Achievement Name: Skyfish Charmer
  Description: Charm Every Species Of Skyfish
  GS: '15'
  Guide: true
  Number of Gamers: 1990
  Percentage of Gamers: 10%
  Ratio: 3.22
  TA: '48'
  Tags:
  - Online/Offline
  - Single Player
  - Cooperative
  - Collectable
- Achievement Name: Piper Charmer
  Description: Charm Every Species Of Piper
  GS: '15'
  Guide: true
  Number of Gamers: 1961
  Percentage of Gamers: 9%
  Ratio: 3.24
  TA: '48'
  Tags:
  - Online/Offline
  - Single Player
  - Cooperative
  - Collectable
- Achievement Name: Rustic Charmer
  Description: Charm Every Species Of Rustic
  GS: '15'
  Guide: true
  Number of Gamers: 2559
  Percentage of Gamers: 12%
  Ratio: 2.84
  TA: '42'
  Tags:
  - Online/Offline
  - Single Player
  - Cooperative
  - Collectable
- Achievement Name: Winnow Charmer
  Description: Charm Every Species Of Winnow
  GS: '15'
  Guide: true
  Number of Gamers: 1954
  Percentage of Gamers: 9%
  Ratio: 3.25
  TA: '48'
  Tags:
  - Online/Offline
  - Single Player
  - Cooperative
  - Collectable
- Achievement Name: Gleeb Charmer
  Description: Charm Every Species Of Gleeb
  GS: '15'
  Guide: true
  Number of Gamers: 2060
  Percentage of Gamers: 10%
  Ratio: 3.16
  TA: '47'
  Tags:
  - Online/Offline
  - Single Player
  - Cooperative
  - Collectable
- Achievement Name: Baffin Charmer
  Description: Charm Every Species Of Baffin
  GS: '15'
  Guide: true
  Number of Gamers: 2229
  Percentage of Gamers: 11%
  Ratio: 3.04
  TA: '45'
  Tags:
  - Online/Offline
  - Single Player
  - Cooperative
  - Collectable
- Achievement Name: Drupe Charmer
  Description: Charm Every Species Of Drupe
  GS: '15'
  Guide: true
  Number of Gamers: 1812
  Percentage of Gamers: 9%
  Ratio: 3.37
  TA: '50'
  Tags:
  - Online/Offline
  - Single Player
  - Cooperative
  - Collectable
- Achievement Name: Sprug Charmer
  Description: Charm Every Species Of Sprug
  GS: '15'
  Guide: true
  Number of Gamers: 2005
  Percentage of Gamers: 10%
  Ratio: 3.21
  TA: '48'
  Tags:
  - Online/Offline
  - Single Player
  - Cooperative
  - Collectable
- Achievement Name: Burbot Charmer
  Description: Charm Every Species Of Burbot
  GS: '15'
  Guide: true
  Number of Gamers: 1852
  Percentage of Gamers: 9%
  Ratio: 3.34
  TA: '50'
  Tags:
  - Online/Offline
  - Single Player
  - Cooperative
  - Collectable
- Achievement Name: The Charmer's Charmer
  Description: Charm One Creature From Every Family
  GS: '20'
  Guide: false
  Number of Gamers: 2431
  Percentage of Gamers: 12%
  Ratio: 2.91
  TA: '58'
  Tags:
  - Online/Offline
  - Single Player
  - Cooperative
  - Collectable
- Achievement Name: Field Guide Complete
  Description: Complete Your Field Guide By Charming Every Creature
  GS: '50'
  Guide: true
  Number of Gamers: 1858
  Percentage of Gamers: 9%
  Ratio: 3.33
  TA: '166'
  Tags:
  - Online/Offline
  - Single Player
  - Cooperative
  - Collectable
- Achievement Name: Fashionista
  Description: Find All Of The Knitting Patterns
  GS: '30'
  Guide: true
  Number of Gamers: 2214
  Percentage of Gamers: 11%
  Ratio: 3.05
  TA: '91'
  Tags:
  - Online/Offline
  - Single Player
  - Cooperative
  - Collectable
- Achievement Name: Flock Together
  Description: Upgrade Your Flock Size To The Maximum
  GS: '30'
  Guide: true
  Number of Gamers: 2173
  Percentage of Gamers: 11%
  Ratio: 3.08
  TA: '92'
  Tags:
  - Online/Offline
  - Single Player
  - Cooperative
  - Collectable
- Achievement Name: Cosmet Boffin
  Description: Identify And Catch Cosmets To Become A Cosmet Expert
  GS: '15'
  Guide: true
  Number of Gamers: 1532
  Percentage of Gamers: 7%
  Ratio: 3.67
  TA: '55'
  Tags:
  - Online/Offline
  - Single Player
  - Cooperative
  - Level
- Achievement Name: Bewl Boffin
  Description: Identify And Catch Bewls To Become A Bewl Expert
  GS: '15'
  Guide: true
  Number of Gamers: 1751
  Percentage of Gamers: 8%
  Ratio: 3.43
  TA: '51'
  Tags:
  - Online/Offline
  - Single Player
  - Cooperative
  - Level
- Achievement Name: Thrip Boffin
  Description: Identify And Catch Thrips To Become A Thrip Expert
  GS: '15'
  Guide: true
  Number of Gamers: 1540
  Percentage of Gamers: 7%
  Ratio: 3.66
  TA: '54'
  Tags:
  - Online/Offline
  - Single Player
  - Cooperative
  - Level
- Achievement Name: Skyfish Boffin
  Description: Identify And Catch Skyfish To Become A Skyfish Expert
  GS: '15'
  Guide: true
  Number of Gamers: 1378
  Percentage of Gamers: 7%
  Ratio: 3.87
  TA: '58'
  Tags:
  - Online/Offline
  - Single Player
  - Cooperative
  - Level
- Achievement Name: Piper Boffin
  Description: Identify And Catch Pipers To Become A Piper Expert
  GS: '15'
  Guide: true
  Number of Gamers: 1449
  Percentage of Gamers: 7%
  Ratio: 3.77
  TA: '56'
  Tags:
  - Online/Offline
  - Single Player
  - Cooperative
  - Level
- Achievement Name: Rustic Boffin
  Description: Identify And Catch Rustic To Become A Rustic Expert
  GS: '15'
  Guide: true
  Number of Gamers: 1462
  Percentage of Gamers: 7%
  Ratio: 3.76
  TA: '56'
  Tags:
  - Online/Offline
  - Single Player
  - Cooperative
  - Level
- Achievement Name: Winnow Boffin
  Description: Identify And Catch Winnows To Become A Winnow Expert
  GS: '15'
  Guide: true
  Number of Gamers: 1565
  Percentage of Gamers: 8%
  Ratio: 3.63
  TA: '54'
  Tags:
  - Online/Offline
  - Single Player
  - Cooperative
  - Level
- Achievement Name: Gleeb Boffin
  Description: Identify And Catch Gleebs To Become A Gleeb Expert
  GS: '15'
  Guide: true
  Number of Gamers: 1507
  Percentage of Gamers: 7%
  Ratio: 3.71
  TA: '55'
  Tags:
  - Online/Offline
  - Single Player
  - Cooperative
  - Level
- Achievement Name: Baffin Boffin
  Description: Identify And Catch Baffins To Become A Baffin Expert
  GS: '15'
  Guide: true
  Number of Gamers: 1474
  Percentage of Gamers: 7%
  Ratio: 3.74
  TA: '56'
  Tags:
  - Online/Offline
  - Single Player
  - Cooperative
  - Level
- Achievement Name: Drupe Boffin
  Description: Identify And Catch Drupes To Become A Drupe Expert
  GS: '15'
  Guide: true
  Number of Gamers: 1387
  Percentage of Gamers: 7%
  Ratio: 3.85
  TA: '57'
  Tags:
  - Online/Offline
  - Single Player
  - Cooperative
  - Level
- Achievement Name: Sprug Boffin
  Description: Identify And Catch Sprugs To Become A Sprug Expert
  GS: '15'
  Guide: true
  Number of Gamers: 1440
  Percentage of Gamers: 7%
  Ratio: 3.78
  TA: '56'
  Tags:
  - Online/Offline
  - Single Player
  - Cooperative
  - Level
- Achievement Name: Burbot Boffin
  Description: Identify And Catch Burbots To Become A Burbot Expert
  GS: '15'
  Guide: true
  Number of Gamers: 1427
  Percentage of Gamers: 7%
  Ratio: 3.8
  TA: '57'
  Tags:
  - Online/Offline
  - Single Player
  - Cooperative
  - Level
- Achievement Name: The Boffin's Boffin
  Description: Become An Expert In Every Family
  GS: '50'
  Guide: true
  Number of Gamers: 1371
  Percentage of Gamers: 7%
  Ratio: 3.88
  TA: '194'
  Tags:
  - Online/Offline
  - Single Player
  - Cooperative
  - Level
- Achievement Name: It's A Family Affair
  Description: Have A Flock With A Creature From Every Family
  GS: '20'
  Guide: false
  Number of Gamers: 2274
  Percentage of Gamers: 11%
  Ratio: 3.02
  TA: '60'
  Tags:
  - Online/Offline
  - Single Player
  - Cooperative
  - Collectable
- Achievement Name: Keeping It Simple
  Description: Have A Full Size Flock With Only Creatures From The Same Family
  GS: '20'
  Guide: true
  Number of Gamers: 1660
  Percentage of Gamers: 8%
  Ratio: 3.53
  TA: '70'
  Tags:
  - Online/Offline
  - Single Player
  - Cooperative
  - Collectable
- Achievement Name: Variety Is The Spice Of Life
  Description: Have A Full Size Flock With All Unique Creatures
  GS: '20'
  Guide: true
  Number of Gamers: 1847
  Percentage of Gamers: 9%
  Ratio: 3.34
  TA: '66'
  Tags:
  - Online/Offline
  - Single Player
  - Cooperative
  - Collectable
Base Ratio: 2.937
Base TA: 2937
Delisted: false
Developer: Hollow Ponds, Richard Hogg
Game Name: Flock
Genres: Adventure, Open World
Install Size: 2840.0
Number of Completions: 1356
Number of Gamers: 20646
Overall Completion Time:
- 12.0
- 15.0
Overall GS: 1000
Overall Ratio: 2.937
Overall TA: 2937
PDU: 0
Percentage Completed: 6.57
Publisher: Annapurna Interactive
Release Date: 16 July 2024
Server Closure: false
Site Rating: 3.44
Update Achievements: []
Walkthrough: false
