Add On Achievements: []
Base Completion Time:
- 12.0
- 15.0
Base GS: 1000
Base Game Achievements:
- Achievement Name: Welcome To The Uplands
  Description: Arrive At The Campsite
  GS: '10'
  Guide: true
  Number of Gamers: 21778
  Percentage of Gamers: 100%
  Ratio: 1.0
  TA: '10'
  Tags:
  - Online/Offline
  - Single Player
  - Cooperative
  - Main Storyline
- Achievement Name: First Timer
  Description: Charm Your First Creature
  GS: '10'
  Guide: true
  Number of Gamers: 13739
  Percentage of Gamers: 63%
  Ratio: 1.25
  TA: '12'
  Tags:
  - Online/Offline
  - Single Player
  - Cooperative
  - Main Storyline
- Achievement Name: Through The Clouds
  Description: Sight The Emperor Cosmet
  GS: '10'
  Guide: true
  Number of Gamers: 13007
  Percentage of Gamers: 60%
  Ratio: 1.29
  TA: '12'
  Tags:
  - Online/Offline
  - Single Player
  - Cooperative
  - Main Storyline
- Achievement Name: Empire Toppled
  Description: Charm The Emperor Cosmet
  GS: '20'
  Guide: true
  Number of Gamers: 8043
  Percentage of Gamers: 37%
  Ratio: 1.64
  TA: '32'
  Tags:
  - Online/Offline
  - Single Player
  - Cooperative
  - Main Storyline
- Achievement Name: Seen Through
  Description: Name The Elusive Rustic
  GS: '30'
  Guide: true
  Number of Gamers: 5353
  Percentage of Gamers: 25%
  Ratio: 2.01
  TA: '60'
  Tags:
  - Online/Offline
  - Single Player
  - Cooperative
  - Main Storyline
- Achievement Name: Sore Throat
  Description: Name The Encrusted Skyfish
  GS: '40'
  Guide: true
  Number of Gamers: 3744
  Percentage of Gamers: 17%
  Ratio: 2.41
  TA: '96'
  Tags:
  - Online/Offline
  - Single Player
  - Cooperative
  - Main Storyline
- Achievement Name: Educational Pursuits
  Description: Meet Every Research Student
  GS: '60'
  Guide: true
  Number of Gamers: 3494
  Percentage of Gamers: 16%
  Ratio: 2.49
  TA: '149'
  Tags:
  - Online/Offline
  - Single Player
  - Cooperative
  - Main Storyline
- Achievement Name: Crime Spree Ended
  Description: Recover Jane's Feedbag
  GS: '100'
  Guide: false
  Number of Gamers: 3563
  Percentage of Gamers: 16%
  Ratio: 2.47
  TA: '247'
  Tags:
  - Online/Offline
  - Single Player
  - Cooperative
  - Main Storyline
  - Story Completed
- Achievement Name: Whistle A Happy Tune
  Description: Learn Your First Charming Song
  GS: '20'
  Guide: true
  Number of Gamers: 14922
  Percentage of Gamers: 69%
  Ratio: 1.2
  TA: '24'
  Tags:
  - Online/Offline
  - Single Player
  - Cooperative
  - Main Storyline
- Achievement Name: Bells And Whistles
  Description: Learn All Charming Songs
  GS: '50'
  Guide: true
  Number of Gamers: 3500
  Percentage of Gamers: 16%
  Ratio: 2.49
  TA: '124'
  Tags:
  - Online/Offline
  - Single Player
  - Cooperative
- Achievement Name: A New Friend
  Description: Name Your First Sheep
  GS: '10'
  Guide: false
  Number of Gamers: 11736
  Percentage of Gamers: 54%
  Ratio: 1.36
  TA: '13'
  Tags:
  - Online/Offline
  - Single Player
  - Cooperative
  - Main Storyline
- Achievement Name: Mammoth Woolly
  Description: Max Out Your Flock Of Sheep
  GS: '40'
  Guide: true
  Number of Gamers: 4371
  Percentage of Gamers: 20%
  Ratio: 2.23
  TA: '89'
  Tags:
  - Online/Offline
  - Single Player
  - Cooperative
  - Collectable
- Achievement Name: Cosmet Charmer
  Description: Charm Every Species Of Cosmet
  GS: '15'
  Guide: false
  Number of Gamers: 4066
  Percentage of Gamers: 19%
  Ratio: 2.31
  TA: '34'
  Tags:
  - Online/Offline
  - Single Player
  - Cooperative
  - Collectable
- Achievement Name: Bewl Charmer
  Description: Charm Every Species Of Bewl
  GS: '15'
  Guide: true
  Number of Gamers: 2622
  Percentage of Gamers: 12%
  Ratio: 2.88
  TA: '43'
  Tags:
  - Online/Offline
  - Single Player
  - Cooperative
  - Collectable
- Achievement Name: Thrip Charmer
  Description: Charm Every Species Of Thrip
  GS: '15'
  Guide: true
  Number of Gamers: 2722
  Percentage of Gamers: 12%
  Ratio: 2.82
  TA: '42'
  Tags:
  - Online/Offline
  - Single Player
  - Cooperative
  - Collectable
- Achievement Name: Skyfish Charmer
  Description: Charm Every Species Of Skyfish
  GS: '15'
  Guide: true
  Number of Gamers: 2509
  Percentage of Gamers: 12%
  Ratio: 2.94
  TA: '44'
  Tags:
  - Online/Offline
  - Single Player
  - Cooperative
  - Collectable
- Achievement Name: Piper Charmer
  Description: Charm Every Species Of Piper
  GS: '15'
  Guide: true
  Number of Gamers: 2480
  Percentage of Gamers: 11%
  Ratio: 2.96
  TA: '44'
  Tags:
  - Online/Offline
  - Single Player
  - Cooperative
  - Collectable
- Achievement Name: Rustic Charmer
  Description: Charm Every Species Of Rustic
  GS: '15'
  Guide: true
  Number of Gamers: 3133
  Percentage of Gamers: 14%
  Ratio: 2.63
  TA: '39'
  Tags:
  - Online/Offline
  - Single Player
  - Cooperative
  - Collectable
- Achievement Name: Winnow Charmer
  Description: Charm Every Species Of Winnow
  GS: '15'
  Guide: true
  Number of Gamers: 2475
  Percentage of Gamers: 11%
  Ratio: 2.96
  TA: '44'
  Tags:
  - Online/Offline
  - Single Player
  - Cooperative
  - Collectable
- Achievement Name: Gleeb Charmer
  Description: Charm Every Species Of Gleeb
  GS: '15'
  Guide: true
  Number of Gamers: 2596
  Percentage of Gamers: 12%
  Ratio: 2.89
  TA: '43'
  Tags:
  - Online/Offline
  - Single Player
  - Cooperative
  - Collectable
- Achievement Name: Baffin Charmer
  Description: Charm Every Species Of Baffin
  GS: '15'
  Guide: true
  Number of Gamers: 2761
  Percentage of Gamers: 13%
  Ratio: 2.8
  TA: '42'
  Tags:
  - Online/Offline
  - Single Player
  - Cooperative
  - Collectable
- Achievement Name: Drupe Charmer
  Description: Charm Every Species Of Drupe
  GS: '15'
  Guide: true
  Number of Gamers: 2330
  Percentage of Gamers: 11%
  Ratio: 3.05
  TA: '45'
  Tags:
  - Online/Offline
  - Single Player
  - Cooperative
  - Collectable
- Achievement Name: Sprug Charmer
  Description: Charm Every Species Of Sprug
  GS: '15'
  Guide: true
  Number of Gamers: 2530
  Percentage of Gamers: 12%
  Ratio: 2.93
  TA: '44'
  Tags:
  - Online/Offline
  - Single Player
  - Cooperative
  - Collectable
- Achievement Name: Burbot Charmer
  Description: Charm Every Species Of Burbot
  GS: '15'
  Guide: true
  Number of Gamers: 2375
  Percentage of Gamers: 11%
  Ratio: 3.02
  TA: '45'
  Tags:
  - Online/Offline
  - Single Player
  - Cooperative
  - Collectable
- Achievement Name: The Charmer's Charmer
  Description: Charm One Creature From Every Family
  GS: '20'
  Guide: false
  Number of Gamers: 2986
  Percentage of Gamers: 14%
  Ratio: 2.7
  TA: '54'
  Tags:
  - Online/Offline
  - Single Player
  - Cooperative
  - Collectable
- Achievement Name: Field Guide Complete
  Description: Complete Your Field Guide By Charming Every Creature
  GS: '50'
  Guide: true
  Number of Gamers: 2382
  Percentage of Gamers: 11%
  Ratio: 3.02
  TA: '151'
  Tags:
  - Online/Offline
  - Single Player
  - Cooperative
  - Collectable
- Achievement Name: Fashionista
  Description: Find All Of The Knitting Patterns
  GS: '30'
  Guide: true
  Number of Gamers: 2757
  Percentage of Gamers: 13%
  Ratio: 2.81
  TA: '84'
  Tags:
  - Online/Offline
  - Single Player
  - Cooperative
  - Collectable
- Achievement Name: Flock Together
  Description: Upgrade Your Flock Size To The Maximum
  GS: '30'
  Guide: true
  Number of Gamers: 2716
  Percentage of Gamers: 12%
  Ratio: 2.83
  TA: '84'
  Tags:
  - Online/Offline
  - Single Player
  - Cooperative
  - Collectable
- Achievement Name: Cosmet Boffin
  Description: Identify And Catch Cosmets To Become A Cosmet Expert
  GS: '15'
  Guide: true
  Number of Gamers: 2063
  Percentage of Gamers: 9%
  Ratio: 3.24
  TA: '48'
  Tags:
  - Online/Offline
  - Single Player
  - Cooperative
  - Level
- Achievement Name: Bewl Boffin
  Description: Identify And Catch Bewls To Become A Bewl Expert
  GS: '15'
  Guide: true
  Number of Gamers: 2261
  Percentage of Gamers: 10%
  Ratio: 3.1
  TA: '46'
  Tags:
  - Online/Offline
  - Single Player
  - Cooperative
  - Level
- Achievement Name: Thrip Boffin
  Description: Identify And Catch Thrips To Become A Thrip Expert
  GS: '15'
  Guide: true
  Number of Gamers: 2044
  Percentage of Gamers: 9%
  Ratio: 3.26
  TA: '48'
  Tags:
  - Online/Offline
  - Single Player
  - Cooperative
  - Level
- Achievement Name: Skyfish Boffin
  Description: Identify And Catch Skyfish To Become A Skyfish Expert
  GS: '15'
  Guide: true
  Number of Gamers: 1875
  Percentage of Gamers: 9%
  Ratio: 3.4
  TA: '51'
  Tags:
  - Online/Offline
  - Single Player
  - Cooperative
  - Level
- Achievement Name: Piper Boffin
  Description: Identify And Catch Pipers To Become A Piper Expert
  GS: '15'
  Guide: true
  Number of Gamers: 1950
  Percentage of Gamers: 9%
  Ratio: 3.34
  TA: '50'
  Tags:
  - Online/Offline
  - Single Player
  - Cooperative
  - Level
- Achievement Name: Rustic Boffin
  Description: Identify And Catch Rustic To Become A Rustic Expert
  GS: '15'
  Guide: true
  Number of Gamers: 1968
  Percentage of Gamers: 9%
  Ratio: 3.32
  TA: '49'
  Tags:
  - Online/Offline
  - Single Player
  - Cooperative
  - Level
- Achievement Name: Winnow Boffin
  Description: Identify And Catch Winnows To Become A Winnow Expert
  GS: '15'
  Guide: true
  Number of Gamers: 2076
  Percentage of Gamers: 10%
  Ratio: 3.23
  TA: '48'
  Tags:
  - Online/Offline
  - Single Player
  - Cooperative
  - Level
- Achievement Name: Gleeb Boffin
  Description: Identify And Catch Gleebs To Become A Gleeb Expert
  GS: '15'
  Guide: true
  Number of Gamers: 2010
  Percentage of Gamers: 9%
  Ratio: 3.29
  TA: '49'
  Tags:
  - Online/Offline
  - Single Player
  - Cooperative
  - Level
- Achievement Name: Baffin Boffin
  Description: Identify And Catch Baffins To Become A Baffin Expert
  GS: '15'
  Guide: true
  Number of Gamers: 1974
  Percentage of Gamers: 9%
  Ratio: 3.32
  TA: '49'
  Tags:
  - Online/Offline
  - Single Player
  - Cooperative
  - Level
- Achievement Name: Drupe Boffin
  Description: Identify And Catch Drupes To Become A Drupe Expert
  GS: '15'
  Guide: true
  Number of Gamers: 1888
  Percentage of Gamers: 9%
  Ratio: 3.39
  TA: '50'
  Tags:
  - Online/Offline
  - Single Player
  - Cooperative
  - Level
- Achievement Name: Sprug Boffin
  Description: Identify And Catch Sprugs To Become A Sprug Expert
  GS: '15'
  Guide: true
  Number of Gamers: 1945
  Percentage of Gamers: 9%
  Ratio: 3.34
  TA: '50'
  Tags:
  - Online/Offline
  - Single Player
  - Cooperative
  - Level
- Achievement Name: Burbot Boffin
  Description: Identify And Catch Burbots To Become A Burbot Expert
  GS: '15'
  Guide: true
  Number of Gamers: 1930
  Percentage of Gamers: 9%
  Ratio: 3.35
  TA: '50'
  Tags:
  - Online/Offline
  - Single Player
  - Cooperative
  - Level
- Achievement Name: The Boffin's Boffin
  Description: Become An Expert In Every Family
  GS: '50'
  Guide: true
  Number of Gamers: 1874
  Percentage of Gamers: 9%
  Ratio: 3.4
  TA: '170'
  Tags:
  - Online/Offline
  - Single Player
  - Cooperative
  - Level
- Achievement Name: It's A Family Affair
  Description: Have A Flock With A Creature From Every Family
  GS: '20'
  Guide: false
  Number of Gamers: 2812
  Percentage of Gamers: 13%
  Ratio: 2.78
  TA: '55'
  Tags:
  - Online/Offline
  - Single Player
  - Cooperative
  - Collectable
- Achievement Name: Keeping It Simple
  Description: Have A Full Size Flock With Only Creatures From The Same Family
  GS: '20'
  Guide: true
  Number of Gamers: 2177
  Percentage of Gamers: 10%
  Ratio: 3.16
  TA: '63'
  Tags:
  - Online/Offline
  - Single Player
  - Cooperative
  - Collectable
- Achievement Name: Variety Is The Spice Of Life
  Description: Have A Full Size Flock With All Unique Creatures
  GS: '20'
  Guide: true
  Number of Gamers: 2371
  Percentage of Gamers: 11%
  Ratio: 3.03
  TA: '60'
  Tags:
  - Online/Offline
  - Single Player
  - Cooperative
  - Collectable
Base Ratio: 2.686
Base TA: 2686
Delisted: false
Developer: Hollow Ponds, Richard Hogg
Game Name: Flock
Genres: Adventure, Open World
Install Size: 2840.0
Number of Completions: 1856
Number of Gamers: 21782
Overall Completion Time:
- 12.0
- 15.0
Overall GS: 1000
Overall Ratio: 2.686
Overall TA: 2686
PDU: 0
Percentage Completed: 8.52
Publisher: Annapurna Interactive
Release Date: 16 July 2024
Server Closure: false
Site Rating: 3.4
Update Achievements: []
Walkthrough: false
