Add On Achievements: []
Base Completion Time:
- 15.0
- 20.0
Base GS: 1000
Base Game Achievements:
- Achievement Name: Noob
  Description: Reach Level 10 with Hex
  GS: '10'
  Guide: true
  Number of Gamers: 11848
  Percentage of Gamers: 18%
  Ratio: 2.34
  TA: '23'
  Tags:
  - Online/Offline
  - Single Player
  - Cooperative
  - Level
- Achievement Name: Amateur
  Description: Reach Level 20 with Hex
  GS: '10'
  Guide: true
  Number of Gamers: 7654
  Percentage of Gamers: 12%
  Ratio: 2.91
  TA: '29'
  Tags:
  - Online/Offline
  - Single Player
  - Cooperative
  - Level
- Achievement Name: Professional
  Description: Reach Level 30 with Hex
  GS: '10'
  Guide: true
  Number of Gamers: 5667
  Percentage of Gamers: 9%
  Ratio: 3.38
  TA: '33'
  Tags:
  - Online/Offline
  - Single Player
  - Cooperative
  - Level
- Achievement Name: Pebble
  Description: Reach Level 10 with Vanguard
  GS: '10'
  Guide: true
  Number of Gamers: 10199
  Percentage of Gamers: 16%
  Ratio: 2.52
  TA: '25'
  Tags:
  - Online/Offline
  - Single Player
  - Cooperative
  - Level
- Achievement Name: Cobble
  Description: Reach Level 20 with Vanguard
  GS: '10'
  Guide: true
  Number of Gamers: 6622
  Percentage of Gamers: 10%
  Ratio: 3.13
  TA: '31'
  Tags:
  - Online/Offline
  - Single Player
  - Cooperative
  - Level
- Achievement Name: Boulder
  Description: Reach Level 30 with Vanguard
  GS: '10'
  Guide: true
  Number of Gamers: 5093
  Percentage of Gamers: 8%
  Ratio: 3.57
  TA: '35'
  Tags:
  - Online/Offline
  - Single Player
  - Cooperative
  - Level
- Achievement Name: Spark
  Description: Reach Level 10 with Catalyst
  GS: '10'
  Guide: true
  Number of Gamers: 7837
  Percentage of Gamers: 12%
  Ratio: 2.87
  TA: '28'
  Tags:
  - Online/Offline
  - Single Player
  - Cooperative
  - Level
- Achievement Name: Flare
  Description: Reach Level 20 with Catalyst
  GS: '10'
  Guide: true
  Number of Gamers: 5554
  Percentage of Gamers: 9%
  Ratio: 3.42
  TA: '34'
  Tags:
  - Online/Offline
  - Single Player
  - Cooperative
  - Level
- Achievement Name: Explosion
  Description: Reach Level 30 with Catalyst
  GS: '10'
  Guide: true
  Number of Gamers: 4580
  Percentage of Gamers: 7%
  Ratio: 3.76
  TA: '37'
  Tags:
  - Online/Offline
  - Single Player
  - Cooperative
  - Level
- Achievement Name: The Dream Team
  Description: Reach level 30 with Hex, Catalyst and Vanguard
  GS: '25'
  Guide: true
  Number of Gamers: 3721
  Percentage of Gamers: 6%
  Ratio: 4.17
  TA: '104'
  Tags:
  - Online/Offline
  - Single Player
  - Cooperative
  - Level
- Achievement Name: Hard Hat Area
  Description: Equip first Helmet
  GS: '25'
  Guide: true
  Number of Gamers: 23310
  Percentage of Gamers: 36%
  Ratio: 1.66
  TA: '41'
  Tags:
  - Online/Offline
  - Single Player
  - Cooperative
- Achievement Name: Fashion Killer
  Description: Equip first Cape
  GS: '25'
  Guide: true
  Number of Gamers: 23252
  Percentage of Gamers: 36%
  Ratio: 1.67
  TA: '41'
  Tags:
  - Online/Offline
  - Single Player
  - Cooperative
- Achievement Name: Ice Cream Paint Job
  Description: Equip first Alloy
  GS: '25'
  Guide: true
  Number of Gamers: 23013
  Percentage of Gamers: 35%
  Ratio: 1.68
  TA: '42'
  Tags:
  - Online/Offline
  - Single Player
  - Cooperative
- Achievement Name: Fully Kitted
  Description: Have a Helmet, Cape and Alloy equipped at the same time
  GS: '25'
  Guide: true
  Number of Gamers: 19716
  Percentage of Gamers: 30%
  Ratio: 1.81
  TA: '45'
  Tags:
  - Online/Offline
  - Single Player
  - Cooperative
- Achievement Name: Script Kiddie
  Description: Decrypt a Data Card
  GS: '10'
  Guide: true
  Number of Gamers: 64888
  Percentage of Gamers: 100%
  Ratio: 1.0
  TA: '10'
  Tags:
  - Online/Offline
  - Single Player
  - Cooperative
- Achievement Name: 1337 h4x0r
  Description: Decrypt a Master Data Card
  GS: '25'
  Guide: true
  Number of Gamers: 26951
  Percentage of Gamers: 41%
  Ratio: 1.55
  TA: '38'
  Tags:
  - Online/Offline
  - Single Player
  - Cooperative
  - Cumulative +
- Achievement Name: Anonymous
  Description: Decrypt all Data Cards
  GS: '25'
  Guide: true
  Number of Gamers: 9375
  Percentage of Gamers: 14%
  Ratio: 2.63
  TA: '65'
  Tags:
  - Online/Offline
  - Single Player
  - Cooperative
  - Collectable
- Achievement Name: LulzSec
  Description: Decrypt all Master Data Cards
  GS: '25'
  Guide: true
  Number of Gamers: 2920
  Percentage of Gamers: 4%
  Ratio: 4.71
  TA: '117'
  Tags:
  - Online/Offline
  - Single Player
  - Cooperative
  - Cumulative +
- Achievement Name: Scrap Heap
  Description: Destroy 100 enemies
  GS: '10'
  Guide: true
  Number of Gamers: 49667
  Percentage of Gamers: 76%
  Ratio: 1.14
  TA: '11'
  Tags:
  - Online/Offline
  - Single Player
  - Cooperative
  - Cumulative +
- Achievement Name: Scrap Yard
  Description: Destroy 1000 enemies
  GS: '10'
  Guide: true
  Number of Gamers: 18448
  Percentage of Gamers: 28%
  Ratio: 1.87
  TA: '18'
  Tags:
  - Online/Offline
  - Single Player
  - Cooperative
  - Cumulative +
- Achievement Name: Scrap Mountain
  Description: Destroy 10000 enemies
  GS: '25'
  Guide: true
  Number of Gamers: 3534
  Percentage of Gamers: 5%
  Ratio: 4.28
  TA: '107'
  Tags:
  - Online/Offline
  - Single Player
  - Cooperative
  - Cumulative +
- Achievement Name: Scrapped
  Description: Destroy 1 Upgraded enemy
  GS: '10'
  Guide: true
  Number of Gamers: 59405
  Percentage of Gamers: 91%
  Ratio: 1.04
  TA: '10'
  Tags:
  - Online/Offline
  - Single Player
  - Cooperative
- Achievement Name: Disassembled
  Description: Destroy 10 Upgraded enemies
  GS: '25'
  Guide: false
  Number of Gamers: 28930
  Percentage of Gamers: 44%
  Ratio: 1.49
  TA: '37'
  Tags:
  - Online/Offline
  - Single Player
  - Cooperative
  - Cumulative +
- Achievement Name: Terminated
  Description: Destroy 100 Upgraded enemies
  GS: '25'
  Guide: true
  Number of Gamers: 10232
  Percentage of Gamers: 16%
  Ratio: 2.52
  TA: '63'
  Tags:
  - Online/Offline
  - Single Player
  - Cooperative
  - Cumulative +
- Achievement Name: Ashes and Rust
  Description: Complete ACT 01
  GS: '10'
  Guide: true
  Number of Gamers: 14303
  Percentage of Gamers: 22%
  Ratio: 2.13
  TA: '21'
  Tags:
  - Online/Offline
  - Single Player
  - Cooperative
  - Main Storyline
- Achievement Name: The Endless War
  Description: Complete ACT 02
  GS: '10'
  Guide: true
  Number of Gamers: 10341
  Percentage of Gamers: 16%
  Ratio: 2.5
  TA: '25'
  Tags:
  - Online/Offline
  - Single Player
  - Cooperative
  - Main Storyline
- Achievement Name: Breaking the Cycle
  Description: Complete ACT 03
  GS: '10'
  Guide: false
  Number of Gamers: 9370
  Percentage of Gamers: 14%
  Ratio: 2.63
  TA: '26'
  Tags:
  - Online/Offline
  - Single Player
  - Cooperative
  - Main Storyline
- Achievement Name: Autonomous
  Description: Complete all missions on Easy
  GS: '25'
  Guide: false
  Number of Gamers: 9167
  Percentage of Gamers: 14%
  Ratio: 2.66
  TA: '66'
  Tags:
  - Online/Offline
  - Single Player
  - Cooperative
  - Main Storyline
  - Story Completed
  - Stackable
- Achievement Name: Emergent
  Description: Complete all missions on Medium
  GS: '25'
  Guide: false
  Number of Gamers: 7879
  Percentage of Gamers: 12%
  Ratio: 2.87
  TA: '71'
  Tags:
  - Online/Offline
  - Single Player
  - Cooperative
  - Main Storyline
  - Difficulty Specific
  - Stackable
- Achievement Name: Singular
  Description: Complete all missions on Hard
  GS: '50'
  Guide: true
  Number of Gamers: 4178
  Percentage of Gamers: 6%
  Ratio: 3.94
  TA: '197'
  Tags:
  - Online/Offline
  - Single Player
  - Cooperative
  - Main Storyline
  - Difficulty Specific
  - Stackable
- Achievement Name: Johnny 5
  Description: 5 Destruction streak
  GS: '10'
  Guide: false
  Number of Gamers: 62000
  Percentage of Gamers: 95%
  Ratio: 1.02
  TA: '10'
  Tags:
  - Online/Offline
  - Single Player
  - Cooperative
- Achievement Name: R2-D20
  Description: 20 Destruction streak
  GS: '10'
  Guide: true
  Number of Gamers: 44756
  Percentage of Gamers: 69%
  Ratio: 1.2
  TA: '12'
  Tags:
  - Online/Offline
  - Single Player
  - Cooperative
- Achievement Name: C-30PO
  Description: 30 Destruction streak
  GS: '25'
  Guide: true
  Number of Gamers: 28012
  Percentage of Gamers: 43%
  Ratio: 1.52
  TA: '38'
  Tags:
  - Online/Offline
  - Single Player
  - Cooperative
- Achievement Name: T-100
  Description: 100 Destruction streak
  GS: '50'
  Guide: true
  Number of Gamers: 5883
  Percentage of Gamers: 9%
  Ratio: 3.32
  TA: '166'
  Tags:
  - Online/Offline
  - Single Player
  - Cooperative
- Achievement Name: Unbreakable
  Description: Survive 5 minutes in Survival OP Mission
  GS: '10'
  Guide: true
  Number of Gamers: 9568
  Percentage of Gamers: 15%
  Ratio: 2.6
  TA: '26'
  Tags:
  - Online/Offline
  - Single Player
  - Cooperative
- Achievement Name: Indestructible
  Description: Survive 10 minutes in Survival OP Mission
  GS: '25'
  Guide: true
  Number of Gamers: 8830
  Percentage of Gamers: 14%
  Ratio: 2.71
  TA: '67'
  Tags:
  - Online/Offline
  - Single Player
  - Cooperative
- Achievement Name: Transcendent
  Description: Survive 15 minutes in Survival OP Mission
  GS: '50'
  Guide: true
  Number of Gamers: 8478
  Percentage of Gamers: 13%
  Ratio: 2.76
  TA: '138'
  Tags:
  - Online/Offline
  - Single Player
  - Cooperative
- Achievement Name: Re-charted
  Description: Collect an Audiolog
  GS: '10'
  Guide: true
  Number of Gamers: 60853
  Percentage of Gamers: 94%
  Ratio: 1.03
  TA: '10'
  Tags:
  - Online/Offline
  - Single Player
  - Cooperative
  - Collectable
- Achievement Name: Tomb Raided
  Description: Collect all Story Audiologs
  GS: '25'
  Guide: true
  Number of Gamers: 3603
  Percentage of Gamers: 6%
  Ratio: 4.24
  TA: '106'
  Tags:
  - Online/Offline
  - Single Player
  - Cooperative
  - Collectable
- Achievement Name: Hex Gon' Give it to Ya'
  Description: Collect all Hex Audiologs
  GS: '25'
  Guide: true
  Number of Gamers: 3587
  Percentage of Gamers: 6%
  Ratio: 4.25
  TA: '106'
  Tags:
  - Online/Offline
  - Single Player
  - Cooperative
  - Collectable
- Achievement Name: Echoes of Eternity
  Description: Collect all Vanguard Audiologs
  GS: '25'
  Guide: true
  Number of Gamers: 3488
  Percentage of Gamers: 5%
  Ratio: 4.31
  TA: '107'
  Tags:
  - Online/Offline
  - Single Player
  - Cooperative
  - Collectable
- Achievement Name: Break the Internet
  Description: Collect all Catalyst Audiologs
  GS: '25'
  Guide: true
  Number of Gamers: 3318
  Percentage of Gamers: 5%
  Ratio: 4.42
  TA: '110'
  Tags:
  - Online/Offline
  - Single Player
  - Cooperative
  - Collectable
- Achievement Name: Raiders of the Lost 'Log
  Description: Collect all Audiologs
  GS: '50'
  Guide: true
  Number of Gamers: 3070
  Percentage of Gamers: 5%
  Ratio: 4.6
  TA: '230'
  Tags:
  - Online/Offline
  - Single Player
  - Cooperative
  - Collectable
- Achievement Name: Carbon Collector
  Description: Collect 100 Carbon
  GS: '10'
  Guide: true
  Number of Gamers: 49409
  Percentage of Gamers: 76%
  Ratio: 1.14
  TA: '11'
  Tags:
  - Online/Offline
  - Single Player
  - Cooperative
  - Cumulative +
- Achievement Name: Carbon Connoisseur
  Description: Collect 500 Carbon
  GS: '25'
  Guide: true
  Number of Gamers: 32489
  Percentage of Gamers: 50%
  Ratio: 1.41
  TA: '35'
  Tags:
  - Online/Offline
  - Single Player
  - Cooperative
  - Cumulative +
- Achievement Name: Carbon Cognoscente
  Description: Collect 2500 Carbon
  GS: '50'
  Guide: true
  Number of Gamers: 7477
  Percentage of Gamers: 11%
  Ratio: 2.94
  TA: '147'
  Tags:
  - Online/Offline
  - Single Player
  - Cooperative
  - Cumulative +
- Achievement Name: The Few, the Proud
  Description: Complete a COOP Mission on Singular Difficulty without Reprinting
  GS: '10'
  Guide: true
  Number of Gamers: 8619
  Percentage of Gamers: 13%
  Ratio: 2.74
  TA: '27'
  Tags:
  - Online Mode
  - Cooperative
  - Difficulty Specific
- Achievement Name: Just the Few of Us
  Description: Complete a COOP Mission with 3 players.
  GS: '10'
  Guide: true
  Number of Gamers: 14289
  Percentage of Gamers: 22%
  Ratio: 2.13
  TA: '21'
  Tags:
  - Online Mode
  - Cooperative
  - 12 Players Required
- Achievement Name: Few's Company
  Description: Complete a COOP Mission with 3 players using Hex, Catalyst and Vanguard
  GS: '10'
  Guide: true
  Number of Gamers: 8746
  Percentage of Gamers: 13%
  Ratio: 2.72
  TA: '27'
  Tags:
  - Online Mode
  - Cooperative
  - 12 Players Required
- Achievement Name: A Few of the Same
  Description: Complete a COOP Mission with 3 players using 3 of the same class
  GS: '10'
  Guide: true
  Number of Gamers: 5554
  Percentage of Gamers: 9%
  Ratio: 3.41
  TA: '34'
  Tags:
  - Online Mode
  - Cooperative
  - 12 Players Required
Base Ratio: 2.858
Base TA: 2858
Delisted: false
Developer: Tuque Games
Game Name: Livelock
Genres: Shoot 'em up
Install Size: 8490.0
Number of Completions: 2371
Number of Gamers: 65037
Overall Completion Time:
- 15.0
- 20.0
Overall GS: 1000
Overall Ratio: 2.858
Overall TA: 2858
PDU: 0
Percentage Completed: 3.65
Publisher: Perfect World Entertainment
Release Date: 30 August 2016
Server Closure: false
Site Rating: 3.34
Update Achievements: []
Walkthrough: false
