Add On Achievements: []
Base Completion Time:
- 12.0
- 15.0
Base GS: 1000
Base Game Achievements:
- Achievement Name: I'm dead... again?
  Description: Find that guy who lived again
  GS: '30'
  Guide: true
  Number of Gamers: 559
  Percentage of Gamers: 36%
  Ratio: 1.67
  TA: '50'
  Tags:
  - Offline Mode
  - Single Player
  - Collectable
- Achievement Name: Wrong Slipgate
  Description: Find your double-barrel-and-axe-carrying friend
  GS: '30'
  Guide: true
  Number of Gamers: 446
  Percentage of Gamers: 28%
  Ratio: 1.87
  TA: '56'
  Tags:
  - Offline Mode
  - Single Player
  - Collectable
- Achievement Name: Too Serious
  Description: Find the guy who took everything too seriously
  GS: '30'
  Guide: true
  Number of Gamers: 536
  Percentage of Gamers: 34%
  Ratio: 1.7
  TA: '51'
  Tags:
  - Offline Mode
  - Single Player
  - Collectable
- Achievement Name: Ripped and Torn
  Description: Find the one who was supposed to rip and tear until it was done
  GS: '30'
  Guide: true
  Number of Gamers: 323
  Percentage of Gamers: 21%
  Ratio: 2.2
  TA: '66'
  Tags:
  - Offline Mode
  - Single Player
  - Collectable
- Achievement Name: Shadow of the East
  Description: Find that weird Chinese guy
  GS: '30'
  Guide: true
  Number of Gamers: 663
  Percentage of Gamers: 42%
  Ratio: 1.53
  TA: '46'
  Tags:
  - Offline Mode
  - Single Player
  - Collectable
- Achievement Name: Those Alien Bastards Never Paid...
  Description: Find that gum-chewing and ass-kicking guy
  GS: '30'
  Guide: true
  Number of Gamers: 433
  Percentage of Gamers: 28%
  Ratio: 1.9
  TA: '57'
  Tags:
  - Offline Mode
  - Single Player
  - Collectable
- Achievement Name: Marco Polo
  Description: Find your first secret
  GS: '15'
  Guide: false
  Number of Gamers: 1567
  Percentage of Gamers: 100%
  Ratio: 1.0
  TA: '15'
  Tags:
  - Offline Mode
  - Single Player
  - Collectable
- Achievement Name: Ponce De Leon
  Description: Find 10 Secrets
  GS: '15'
  Guide: false
  Number of Gamers: 956
  Percentage of Gamers: 61%
  Ratio: 1.28
  TA: '19'
  Tags:
  - Offline Mode
  - Single Player
  - Collectable
- Achievement Name: Magellan
  Description: Find 30 Secrets
  GS: '30'
  Guide: false
  Number of Gamers: 731
  Percentage of Gamers: 47%
  Ratio: 1.46
  TA: '43'
  Tags:
  - Offline Mode
  - Single Player
  - Collectable
- Achievement Name: Galileo
  Description: Find 50 secrets
  GS: '90'
  Guide: true
  Number of Gamers: 622
  Percentage of Gamers: 40%
  Ratio: 1.58
  TA: '142'
  Tags:
  - Offline Mode
  - Single Player
  - Collectable
- Achievement Name: Lock 'n' Load
  Description: Buy 10 upgrades
  GS: '30'
  Guide: true
  Number of Gamers: 404
  Percentage of Gamers: 26%
  Ratio: 1.96
  TA: '59'
  Tags:
  - Offline Mode
  - Single Player
  - Shop
- Achievement Name: Small step for a Warlock...
  Description: Slay The Sorcerer
  GS: '30'
  Guide: true
  Number of Gamers: 884
  Percentage of Gamers: 56%
  Ratio: 1.33
  TA: '39'
  Tags:
  - Offline Mode
  - Single Player
  - Main Storyline
- Achievement Name: Weird Cat
  Description: Slay the Sphinx
  GS: '30'
  Guide: true
  Number of Gamers: 603
  Percentage of Gamers: 38%
  Ratio: 1.61
  TA: '48'
  Tags:
  - Offline Mode
  - Single Player
  - Main Storyline
- Achievement Name: Industrial Age
  Description: Destroy the Massive Tank
  GS: '90'
  Guide: false
  Number of Gamers: 515
  Percentage of Gamers: 33%
  Ratio: 1.74
  TA: '156'
  Tags:
  - Offline Mode
  - Single Player
  - Main Storyline
- Achievement Name: Double-edged Sword...
  Description: Slay the Satan himself
  GS: '100'
  Guide: false
  Number of Gamers: 434
  Percentage of Gamers: 28%
  Ratio: 1.89
  TA: '189'
  Tags:
  - Offline Mode
  - Single Player
  - Main Storyline
- Achievement Name: Piece of Cake
  Description: Complete the game on the easiest difficulty
  GS: '90'
  Guide: false
  Number of Gamers: 433
  Percentage of Gamers: 28%
  Ratio: 1.89
  TA: '170'
  Tags:
  - Offline Mode
  - Single Player
  - Main Storyline
  - Stackable
- Achievement Name: Come Get Some
  Description: Complete the game on the standard difficulty
  GS: '90'
  Guide: false
  Number of Gamers: 275
  Percentage of Gamers: 18%
  Ratio: 2.38
  TA: '214'
  Tags:
  - Offline Mode
  - Single Player
  - Main Storyline
  - Difficulty Specific
  - Stackable
- Achievement Name: Bring it on!
  Description: Complete the game on the hard difficulty
  GS: '90'
  Guide: false
  Number of Gamers: 120
  Percentage of Gamers: 8%
  Ratio: 3.6
  TA: '324'
  Tags:
  - Offline Mode
  - Single Player
  - Main Storyline
  - Difficulty Specific
  - Stackable
- Achievement Name: Evil Nightmare
  Description: Complete the game on the hardcore difficulty
  GS: '90'
  Guide: true
  Number of Gamers: 58
  Percentage of Gamers: 4%
  Ratio: 5.19
  TA: '467'
  Tags:
  - Offline Mode
  - Single Player
  - Main Storyline
  - Difficulty Specific
  - Stackable
- Achievement Name: Ah'n'gha throdog r'luhhor
  Description: Ph'nglui mglw'nafh Cthulhu R'lyeh wgah'nagl fhtagn
  GS: '30'
  Guide: true
  Number of Gamers: 704
  Percentage of Gamers: 45%
  Ratio: 1.49
  TA: '44'
  Tags:
  - Offline Mode
  - Single Player
  - Main Storyline
Base Ratio: 2.255
Base TA: 2255
Delisted: false
Developer: Crunching Koalas, Buckshot Software
Game Name: Project Warlock
Genres: First Person Shooter
Install Size: 2410.0
Number of Completions: 57
Number of Gamers: 1568
Overall Completion Time:
- 12.0
- 15.0
Overall GS: 1000
Overall Ratio: 2.255
Overall TA: 2255
PDU: 0
Percentage Completed: 3.64
Publisher: Crunching Koalas
Release Date: 12 June 2020
Server Closure: false
Site Rating: 3.95
Update Achievements: []
Walkthrough: false
