Add On Achievements: []
Base Completion Time:
- -1
- -1
Base GS: 1000
Base Game Achievements:
- Achievement Name: Shake Down
  Description: Complete mission 01 - Welcome To The Gulf
  GS: '15'
  Guide: true
  Number of Gamers: 2232
  Percentage of Gamers: 88%
  Ratio: 1.06
  TA: '16'
  Tags:
  - Offline Mode
  - Single Player
  - Main Storyline
- Achievement Name: Fleet Defender
  Description: Complete mission 04 - Alert Five
  GS: '15'
  Guide: true
  Number of Gamers: 1203
  Percentage of Gamers: 47%
  Ratio: 1.45
  TA: '21'
  Tags:
  - Offline Mode
  - Single Player
  - Main Storyline
- Achievement Name: Spreading Democracy
  Description: Complete mission 06 - High Value Targets
  GS: '15'
  Guide: true
  Number of Gamers: 841
  Percentage of Gamers: 33%
  Ratio: 1.73
  TA: '26'
  Tags:
  - Offline Mode
  - Single Player
  - Main Storyline
- Achievement Name: You Can Be My Wingman
  Description: Complete mission 11 - Off Mission
  GS: '15'
  Guide: true
  Number of Gamers: 423
  Percentage of Gamers: 17%
  Ratio: 2.45
  TA: '36'
  Tags:
  - Offline Mode
  - Single Player
  - Main Storyline
- Achievement Name: Freakin' Legend
  Description: Complete mission 14 - The Big One
  GS: '15'
  Guide: true
  Number of Gamers: 289
  Percentage of Gamers: 11%
  Ratio: 2.96
  TA: '44'
  Tags:
  - Offline Mode
  - Single Player
  - Main Storyline
- Achievement Name: You .. Are Still Dangerous
  Description: Complete bonus mission - You Can Be Mine
  GS: '15'
  Guide: true
  Number of Gamers: 246
  Percentage of Gamers: 10%
  Ratio: 3.21
  TA: '48'
  Tags:
  - Offline Game Mode
  - Single Player
- Achievement Name: Last Man Standing
  Description: Complete any Danger Zone mission
  GS: '15'
  Guide: true
  Number of Gamers: 84
  Percentage of Gamers: 3%
  Ratio: 5.5
  TA: '82'
  Tags:
  - Offline Game Mode
  - Single Player
- Achievement Name: OK-3 Landing
  Description: Make a successful landing on your first attempt in any mission
  GS: '15'
  Guide: true
  Number of Gamers: 1933
  Percentage of Gamers: 76%
  Ratio: 1.14
  TA: '17'
  Tags:
  - Online/Offline
  - Single Player
  - Cooperative
- Achievement Name: Maverick's Dead
  Description: Defeat Maverick in mission 02 - Best Of The Best
  GS: '15'
  Guide: true
  Number of Gamers: 1563
  Percentage of Gamers: 62%
  Ratio: 1.27
  TA: '19'
  Tags:
  - Offline Mode
  - Single Player
  - Main Storyline
- Achievement Name: TopGun
  Description: Win the trophy in mission 12 - TOPGUN
  GS: '15'
  Guide: true
  Number of Gamers: 176
  Percentage of Gamers: 7%
  Ratio: 3.79
  TA: '56'
  Tags:
  - Offline Game Mode
  - Single Player
- Achievement Name: Danger Close
  Description: Complete a Danger Close objective without damaging any allies
  GS: '15'
  Guide: true
  Number of Gamers: 733
  Percentage of Gamers: 29%
  Ratio: 1.86
  TA: '27'
  Tags:
  - Online/Offline
  - Single Player
  - Cooperative
- Achievement Name: Ghostrider
  Description: Complete all stealth sections in the game without being detected
  GS: '25'
  Guide: true
  Number of Gamers: 278
  Percentage of Gamers: 11%
  Ratio: 3.02
  TA: '75'
  Tags:
  - Offline Game Mode
  - Single Player
- Achievement Name: Commendation
  Description: Get silver or gold stars on 10 campaign missions
  GS: '25'
  Guide: false
  Number of Gamers: 233
  Percentage of Gamers: 9%
  Ratio: 3.3
  TA: '82'
  Tags:
  - Offline Game Mode
  - Single Player
- Achievement Name: Perfect Record
  Description: Get gold stars on all 15 campaign missions
  GS: '80'
  Guide: true
  Number of Gamers: 48
  Percentage of Gamers: 2%
  Ratio: 7.27
  TA: '582'
  Tags:
  - Offline Game Mode
  - Single Player
- Achievement Name: Try, Try And Try Again
  Description: Replay any campaign mission and improve your score
  GS: '15'
  Guide: true
  Number of Gamers: 632
  Percentage of Gamers: 25%
  Ratio: 2.0
  TA: '30'
  Tags:
  - Offline Mode
  - Single Player
  - Missable
- Achievement Name: Near Death Experience
  Description: Complete any campaign mission without dying, after being below 25%
    health
  GS: '15'
  Guide: true
  Number of Gamers: 767
  Percentage of Gamers: 30%
  Ratio: 1.82
  TA: '27'
  Tags:
  - Offline Game Mode
  - Single Player
- Achievement Name: Splash One
  Description: Get your first air-to-air combat kill
  GS: '15'
  Guide: true
  Number of Gamers: 2498
  Percentage of Gamers: 98%
  Ratio: 1.0
  TA: '15'
  Tags:
  - Online/Offline
  - Single Player
  - Cooperative
  - Versus
  - Main Storyline
- Achievement Name: Your Tax Dollars In Action
  Description: Destroy 5 target drones
  GS: '15'
  Guide: true
  Number of Gamers: 1182
  Percentage of Gamers: 47%
  Ratio: 1.46
  TA: '21'
  Tags:
  - Online/Offline
  - Single Player
  - Cooperative
  - Cumulative +
- Achievement Name: Ace Pilot
  Description: Destroy 5 aircraft
  GS: '15'
  Guide: true
  Number of Gamers: 2238
  Percentage of Gamers: 88%
  Ratio: 1.06
  TA: '15'
  Tags:
  - Online/Offline
  - Single Player
  - Cooperative
  - Versus
  - Main Storyline
  - Cumulative +
- Achievement Name: Ace Of Aces
  Description: Destroy 25 aircraft
  GS: '15'
  Guide: true
  Number of Gamers: 1542
  Percentage of Gamers: 61%
  Ratio: 1.28
  TA: '19'
  Tags:
  - Online/Offline
  - Single Player
  - Cooperative
  - Versus
  - Main Storyline
  - Cumulative +
- Achievement Name: Air Supremacy
  Description: Destroy 100 aircraft
  GS: '15'
  Guide: true
  Number of Gamers: 927
  Percentage of Gamers: 36%
  Ratio: 1.65
  TA: '24'
  Tags:
  - Online/Offline
  - Single Player
  - Cooperative
  - Versus
  - Cumulative +
- Achievement Name: Last Of The Gunfighters
  Description: Destroy 25 aircraft using only guns
  GS: '15'
  Guide: true
  Number of Gamers: 745
  Percentage of Gamers: 29%
  Ratio: 1.84
  TA: '27'
  Tags:
  - Online/Offline
  - Single Player
  - Cooperative
  - Versus
  - Cumulative +
- Achievement Name: Good Tone
  Description: Destroy 25 aircraft using missiles
  GS: '15'
  Guide: true
  Number of Gamers: 1463
  Percentage of Gamers: 58%
  Ratio: 1.31
  TA: '19'
  Tags:
  - Online/Offline
  - Single Player
  - Cooperative
  - Versus
  - Cumulative +
- Achievement Name: Hard Locked
  Description: Destroy 25 aircraft in Hard Lock mode
  GS: '15'
  Guide: true
  Number of Gamers: 1363
  Percentage of Gamers: 54%
  Ratio: 1.36
  TA: '20'
  Tags:
  - Online/Offline
  - Single Player
  - Cooperative
  - Versus
  - Cumulative +
- Achievement Name: Got Your Six
  Description: Score 10 "Got Your Six" bonuses for destroying a target on your ally's
    tail
  GS: '15'
  Guide: true
  Number of Gamers: 452
  Percentage of Gamers: 18%
  Ratio: 2.37
  TA: '35'
  Tags:
  - Online/Offline
  - Single Player
  - Cooperative
  - Versus
  - Cumulative +
- Achievement Name: Got Your Frag
  Description: Score 10 "Got Your Frag" bonuses for destroying a target an ally has
    engaged
  GS: '15'
  Guide: true
  Number of Gamers: 71
  Percentage of Gamers: 3%
  Ratio: 5.98
  TA: '89'
  Tags:
  - Online/Offline
  - Single Player
  - Cooperative
  - Versus
  - Cumulative +
- Achievement Name: In Your Face
  Description: Score 10 "Close Quarters" bonuses for destroying aircraft within 1000m
  GS: '15'
  Guide: true
  Number of Gamers: 1257
  Percentage of Gamers: 49%
  Ratio: 1.42
  TA: '21'
  Tags:
  - Online/Offline
  - Single Player
  - Cooperative
  - Versus
  - Cumulative +
- Achievement Name: Always The Bridesmaid
  Description: Score 10 "Assist" bonuses for damaging an aircraft that an ally destroys
  GS: '15'
  Guide: true
  Number of Gamers: 1105
  Percentage of Gamers: 43%
  Ratio: 1.51
  TA: '22'
  Tags:
  - Online/Offline
  - Single Player
  - Cooperative
  - Versus
  - Cumulative +
- Achievement Name: Going Evasive
  Description: Successfully evade a missile
  GS: '15'
  Guide: true
  Number of Gamers: 1819
  Percentage of Gamers: 72%
  Ratio: 1.18
  TA: '17'
  Tags:
  - Online/Offline
  - Single Player
  - Cooperative
  - Versus
- Achievement Name: Tank Buster
  Description: Destroy 25 armoured vehicles
  GS: '15'
  Guide: true
  Number of Gamers: 847
  Percentage of Gamers: 33%
  Ratio: 1.73
  TA: '25'
  Tags:
  - Online/Offline
  - Single Player
  - Cooperative
  - Cumulative +
- Achievement Name: Bunker Buster
  Description: Destroy 10 bunkers
  GS: '15'
  Guide: true
  Number of Gamers: 459
  Percentage of Gamers: 18%
  Ratio: 2.35
  TA: '35'
  Tags:
  - Online/Offline
  - Single Player
  - Cooperative
  - Versus
  - Cumulative +
- Achievement Name: Dissimilar Air Combat Training
  Description: Destroy a super-manoeuverable aircraft while flying an attack aircraft
  GS: '25'
  Guide: true
  Number of Gamers: 77
  Percentage of Gamers: 3%
  Ratio: 5.74
  TA: '143'
  Tags:
  - Online/Offline
  - Single Player
  - Cooperative
  - Versus
- Achievement Name: Slippery Customer
  Description: Successfully evade 10 missiles in a row
  GS: '25'
  Guide: true
  Number of Gamers: 1464
  Percentage of Gamers: 58%
  Ratio: 1.31
  TA: '32'
  Tags:
  - Online/Offline
  - Single Player
  - Cooperative
  - Versus
- Achievement Name: In The Zone
  Description: Win 10 hard lock manoeuvres in a row
  GS: '25'
  Guide: true
  Number of Gamers: 1906
  Percentage of Gamers: 75%
  Ratio: 1.15
  TA: '28'
  Tags:
  - Online/Offline
  - Single Player
  - Cooperative
  - Versus
- Achievement Name: Old School
  Description: Destroy 5 bombers by destroying their engines with guns
  GS: '15'
  Guide: true
  Number of Gamers: 864
  Percentage of Gamers: 34%
  Ratio: 1.71
  TA: '25'
  Tags:
  - Online/Offline
  - Single Player
  - Cooperative
  - Cumulative +
- Achievement Name: Victory Roll
  Description: Destroy an enemy aircraft with guns while barrel rolling
  GS: '15'
  Guide: true
  Number of Gamers: 423
  Percentage of Gamers: 17%
  Ratio: 2.45
  TA: '36'
  Tags:
  - Offline Game Mode
  - Single Player
- Achievement Name: Splash Damage
  Description: Destroy 5 enemies with a single shot
  GS: '15'
  Guide: true
  Number of Gamers: 1038
  Percentage of Gamers: 41%
  Ratio: 1.56
  TA: '23'
  Tags:
  - Online/Offline
  - Single Player
  - Cooperative
- Achievement Name: I Feel The Need
  Description: Buzz the tower in any mission
  GS: '15'
  Guide: true
  Number of Gamers: 1678
  Percentage of Gamers: 66%
  Ratio: 1.23
  TA: '18'
  Tags:
  - Online/Offline
  - Single Player
  - Cooperative
- Achievement Name: The Need For Speed
  Description: Buzz the tower in five different missions
  GS: '25'
  Guide: true
  Number of Gamers: 174
  Percentage of Gamers: 7%
  Ratio: 3.82
  TA: '95'
  Tags:
  - Online/Offline
  - Single Player
  - Cooperative
- Achievement Name: In The Weeds
  Description: Spend more than 5 minutes flying within 200m of the ground
  GS: '15'
  Guide: true
  Number of Gamers: 1145
  Percentage of Gamers: 45%
  Ratio: 1.48
  TA: '22'
  Tags:
  - Online/Offline
  - Single Player
  - Cooperative
  - Versus
  - Cumulative +
- Achievement Name: Light The Fires
  Description: Spend more than 5 minutes flying with afterburner activated
  GS: '15'
  Guide: true
  Number of Gamers: 1531
  Percentage of Gamers: 60%
  Ratio: 1.28
  TA: '19'
  Tags:
  - Online/Offline
  - Single Player
  - Cooperative
  - Versus
  - Cumulative +
- Achievement Name: Does The Rolling Help?
  Description: Perform 100 barrel rolls
  GS: '15'
  Guide: true
  Number of Gamers: 1382
  Percentage of Gamers: 54%
  Ratio: 1.35
  TA: '20'
  Tags:
  - Online/Offline
  - Single Player
  - Cooperative
  - Versus
  - Cumulative +
- Achievement Name: Racking Up The Air Miles
  Description: Fly a total of 20,000km
  GS: '15'
  Guide: true
  Number of Gamers: 132
  Percentage of Gamers: 5%
  Ratio: 4.38
  TA: '65'
  Tags:
  - Online/Offline
  - Single Player
  - Cooperative
  - Versus
  - Cumulative +
- Achievement Name: Give 'em Hell
  Description: Fire every weapon in the game at least once
  GS: '50'
  Guide: true
  Number of Gamers: 0
  Percentage of Gamers: NA
  Ratio: NA
  TA: '50'
  Tags:
  - Unobtainable
- Achievement Name: TestPilot
  Description: Fly every aircraft in the game at least once
  GS: '50'
  Guide: true
  Number of Gamers: 73
  Percentage of Gamers: 3%
  Ratio: 5.89
  TA: '294'
  Tags:
  - Offline Mode
  - Online/Offline
  - Single Player
  - Cooperative
  - Versus
- Achievement Name: Five Stars
  Description: Reach Fleet Admiral rank
  GS: '75'
  Guide: true
  Number of Gamers: 42
  Percentage of Gamers: 2%
  Ratio: 7.77
  TA: '583'
  Tags:
  - Online/Offline
  - Single Player
  - Cooperative
  - Versus
  - Level
- Achievement Name: Team Work
  Description: Win a co-op mission with at least one other player
  GS: '15'
  Guide: true
  Number of Gamers: 91
  Percentage of Gamers: 4%
  Ratio: 5.28
  TA: '79'
  Tags:
  - Online Mode
  - Cooperative
  - External Content
- Achievement Name: Instant Ace
  Description: Get a Kill Streak of 5 in a Deathmatch or Team Deathmatch game
  GS: '25'
  Guide: true
  Number of Gamers: 95
  Percentage of Gamers: 4%
  Ratio: 5.17
  TA: '129'
  Tags:
  - Online Mode
  - Versus
  - External Content
- Achievement Name: Payback Time
  Description: Score 10 "Payback" bonuses for destroying the last player who killed
    you
  GS: '15'
  Guide: true
  Number of Gamers: 87
  Percentage of Gamers: 3%
  Ratio: 5.4
  TA: '81'
  Tags:
  - Online Mode
  - Versus
  - Cumulative +
  - External Content
Base Ratio: 3.334
Base TA: 3334
Delisted: false
Developer: Headstrong Games
Game Name: 'Top Gun: Hard Lock'
Genres: Simulation, Aerial, Vehicular Combat
Install Size: 2100.0
Number of Completions: 0
Number of Gamers: 2541
Overall Completion Time:
- -1
- -1
Overall GS: 1000
Overall Ratio: 3.334
Overall TA: 3334
PDU: 0
Percentage Completed: 0.0
Publisher: 505 Games
Release Date: 06 March 2012
Server Closure: false
Site Rating: 3.03
Update Achievements: []
Walkthrough: false
